// !$*UTF8*$!
{
	archiveVersion = 1;
	classes = {
	};
	objectVersion = 46;
	objects = {

/* Begin PBXBuildFile section */
		480BBB8D1873A821006DB66C /* threePairs.caf in Resources */ = {isa = PBXBuildFile; fileRef = 480BBB8C1873A821006DB66C /* threePairs.caf */; };
		48165657186EA0E900ABCD33 /* Foundation.framework in Frameworks */ = {isa = PBXBuildFile; fileRef = 48165656186EA0E900ABCD33 /* Foundation.framework */; };
		48165659186EA0E900ABCD33 /* CoreGraphics.framework in Frameworks */ = {isa = PBXBuildFile; fileRef = 48165658186EA0E900ABCD33 /* CoreGraphics.framework */; };
		4816565B186EA0E900ABCD33 /* UIKit.framework in Frameworks */ = {isa = PBXBuildFile; fileRef = 4816565A186EA0E900ABCD33 /* UIKit.framework */; };
		48165661186EA0E900ABCD33 /* InfoPlist.strings in Resources */ = {isa = PBXBuildFile; fileRef = 4816565F186EA0E900ABCD33 /* InfoPlist.strings */; };
		48165663186EA0E900ABCD33 /* main.m in Sources */ = {isa = PBXBuildFile; fileRef = 48165662186EA0E900ABCD33 /* main.m */; };
		48165667186EA0E900ABCD33 /* kernAppDelegate.m in Sources */ = {isa = PBXBuildFile; fileRef = 48165666186EA0E900ABCD33 /* kernAppDelegate.m */; };
		4816566F186EA0E900ABCD33 /* Images.xcassets in Resources */ = {isa = PBXBuildFile; fileRef = 4816566E186EA0E900ABCD33 /* Images.xcassets */; };
		48165676186EA0E900ABCD33 /* XCTest.framework in Frameworks */ = {isa = PBXBuildFile; fileRef = 48165675186EA0E900ABCD33 /* XCTest.framework */; };
		48165677186EA0E900ABCD33 /* Foundation.framework in Frameworks */ = {isa = PBXBuildFile; fileRef = 48165656186EA0E900ABCD33 /* Foundation.framework */; };
		48165678186EA0E900ABCD33 /* UIKit.framework in Frameworks */ = {isa = PBXBuildFile; fileRef = 4816565A186EA0E900ABCD33 /* UIKit.framework */; };
		48165680186EA0E900ABCD33 /* InfoPlist.strings in Resources */ = {isa = PBXBuildFile; fileRef = 4816567E186EA0E900ABCD33 /* InfoPlist.strings */; };
		48165682186EA0E900ABCD33 /* farkledTests.m in Sources */ = {isa = PBXBuildFile; fileRef = 48165681186EA0E900ABCD33 /* farkledTests.m */; };
		4816568C186EA0FF00ABCD33 /* Main_iPhone.storyboard in Resources */ = {isa = PBXBuildFile; fileRef = 4816568B186EA0FF00ABCD33 /* Main_iPhone.storyboard */; };
		48165697186EA10B00ABCD33 /* ScoreKeeperViewController.m in Sources */ = {isa = PBXBuildFile; fileRef = 4816568E186EA10B00ABCD33 /* ScoreKeeperViewController.m */; };
		48165698186EA10B00ABCD33 /* RuleCardViewController.m in Sources */ = {isa = PBXBuildFile; fileRef = 48165690186EA10B00ABCD33 /* RuleCardViewController.m */; };
		48165699186EA10B00ABCD33 /* FarkleViewController.m in Sources */ = {isa = PBXBuildFile; fileRef = 48165692186EA10B00ABCD33 /* FarkleViewController.m */; };
		4816569A186EA10B00ABCD33 /* MenuViewController.m in Sources */ = {isa = PBXBuildFile; fileRef = 48165694186EA10B00ABCD33 /* MenuViewController.m */; };
		4816569B186EA10B00ABCD33 /* SettingsViewController.m in Sources */ = {isa = PBXBuildFile; fileRef = 48165696186EA10B00ABCD33 /* SettingsViewController.m */; };
		481656A6186EA12600ABCD33 /* Die.m in Sources */ = {isa = PBXBuildFile; fileRef = 4816569F186EA12600ABCD33 /* Die.m */; };
		481656A7186EA12600ABCD33 /* Score.m in Sources */ = {isa = PBXBuildFile; fileRef = 481656A1186EA12600ABCD33 /* Score.m */; };
		481656A8186EA12600ABCD33 /* Farkle.m in Sources */ = {isa = PBXBuildFile; fileRef = 481656A3186EA12600ABCD33 /* Farkle.m */; };
		481656A9186EA12600ABCD33 /* Settings.m in Sources */ = {isa = PBXBuildFile; fileRef = 481656A5186EA12600ABCD33 /* Settings.m */; };
		481656AD186EA13600ABCD33 /* LaunchImage-568@2x.png in Resources */ = {isa = PBXBuildFile; fileRef = 481656AB186EA13600ABCD33 /* LaunchImage-568@2x.png */; };
		481656AE186EA13600ABCD33 /* LaunchImage@2x.png in Resources */ = {isa = PBXBuildFile; fileRef = 481656AC186EA13600ABCD33 /* LaunchImage@2x.png */; };
		481656B1186EA1C000ABCD33 /* iAd.framework in Frameworks */ = {isa = PBXBuildFile; fileRef = 481656B0186EA1C000ABCD33 /* iAd.framework */; };
		481656BC186EA98300ABCD33 /* libTestFlight.a in Frameworks */ = {isa = PBXBuildFile; fileRef = 481656B6186EA98300ABCD33 /* libTestFlight.a */; };
		481656BD186EA98300ABCD33 /* README.md in Resources */ = {isa = PBXBuildFile; fileRef = 481656B7186EA98300ABCD33 /* README.md */; };
		481656BE186EA98300ABCD33 /* release_notes.md in Resources */ = {isa = PBXBuildFile; fileRef = 481656B8186EA98300ABCD33 /* release_notes.md */; };
		481656C0186EA9EF00ABCD33 /* libz.dylib in Frameworks */ = {isa = PBXBuildFile; fileRef = 481656BF186EA9EF00ABCD33 /* libz.dylib */; };
		481656C8186F2C5A00ABCD33 /* icon-58.png in Resources */ = {isa = PBXBuildFile; fileRef = 481656C5186F2C5A00ABCD33 /* icon-58.png */; };
		481656CC186F2C7E00ABCD33 /* icon-120.png in Resources */ = {isa = PBXBuildFile; fileRef = 481656CB186F2C7E00ABCD33 /* icon-120.png */; };
		481656CF186F34D100ABCD33 /* icon-80.png in Resources */ = {isa = PBXBuildFile; fileRef = 481656CE186F34D100ABCD33 /* icon-80.png */; };
		483939D718739CB9001718D9 /* gameOver1.caf in Resources */ = {isa = PBXBuildFile; fileRef = 483939D618739CB9001718D9 /* gameOver1.caf */; };
		483939D918739DE3001718D9 /* gameOver2.caf in Resources */ = {isa = PBXBuildFile; fileRef = 483939D818739DE3001718D9 /* gameOver2.caf */; };
		483939DB18739F48001718D9 /* decay.caf in Resources */ = {isa = PBXBuildFile; fileRef = 483939DA18739F48001718D9 /* decay.caf */; };
		48DCA7961870CAF800743859 /* RulesViewController.m in Sources */ = {isa = PBXBuildFile; fileRef = 48DCA7951870CAF800743859 /* RulesViewController.m */; };
		48DCA7DD1870E9F500743859 /* Player.m in Sources */ = {isa = PBXBuildFile; fileRef = 48DCA7DC1870E9F500743859 /* Player.m */; };
		48DCA7E21871D09700743859 /* GameKit.framework in Frameworks */ = {isa = PBXBuildFile; fileRef = 48DCA7E11871D09700743859 /* GameKit.framework */; };
		48DCA83A187230FB00743859 /* GameCenterManager.m in Sources */ = {isa = PBXBuildFile; fileRef = 48DCA839187230FB00743859 /* GameCenterManager.m */; };
		48DCA83D187240E100743859 /* GCTurnBasedMatchHelper.m in Sources */ = {isa = PBXBuildFile; fileRef = 48DCA83C187240E100743859 /* GCTurnBasedMatchHelper.m */; };
		48F72120187317720038229D /* IAPViewController.m in Sources */ = {isa = PBXBuildFile; fileRef = 48F7211F187317720038229D /* IAPViewController.m */; };
		48FFFBCE1873684E003A5C8C /* Sound.m in Sources */ = {isa = PBXBuildFile; fileRef = 48FFFBCD1873684E003A5C8C /* Sound.m */; };
		48FFFBD0187368EB003A5C8C /* AVFoundation.framework in Frameworks */ = {isa = PBXBuildFile; fileRef = 48FFFBCF187368EB003A5C8C /* AVFoundation.framework */; };
		48FFFBD618736B94003A5C8C /* Explosion.aifc in Resources */ = {isa = PBXBuildFile; fileRef = 48FFFBD518736B0A003A5C8C /* Explosion.aifc */; };
		48FFFBD818736E2D003A5C8C /* Farkled.aifc in Resources */ = {isa = PBXBuildFile; fileRef = 48FFFBD718736E2D003A5C8C /* Farkled.aifc */; };
		48FFFBDA18736FCF003A5C8C /* Farkled.caf in Resources */ = {isa = PBXBuildFile; fileRef = 48FFFBD918736F6F003A5C8C /* Farkled.caf */; };
		48FFFBDC187374CF003A5C8C /* 1Dice.m4a in Resources */ = {isa = PBXBuildFile; fileRef = 48FFFBDB18737388003A5C8C /* 1Dice.m4a */; };
		48FFFBE318737A8F003A5C8C /* nonscoring5.caf in Resources */ = {isa = PBXBuildFile; fileRef = 48FFFBDE18737A8F003A5C8C /* nonscoring5.caf */; };
		48FFFBE418737A8F003A5C8C /* nonscoring4.caf in Resources */ = {isa = PBXBuildFile; fileRef = 48FFFBDF18737A8F003A5C8C /* nonscoring4.caf */; };
		48FFFBE518737A8F003A5C8C /* nonscoring3.caf in Resources */ = {isa = PBXBuildFile; fileRef = 48FFFBE018737A8F003A5C8C /* nonscoring3.caf */; };
		48FFFBE618737A8F003A5C8C /* nonscoring2.caf in Resources */ = {isa = PBXBuildFile; fileRef = 48FFFBE118737A8F003A5C8C /* nonscoring2.caf */; };
		48FFFBE718737A8F003A5C8C /* nonscoring1.caf in Resources */ = {isa = PBXBuildFile; fileRef = 48FFFBE218737A8F003A5C8C /* nonscoring1.caf */; };
		48FFFBE918737CBB003A5C8C /* Pickup_Coin69.caf in Resources */ = {isa = PBXBuildFile; fileRef = 48FFFBE818737CBB003A5C8C /* Pickup_Coin69.caf */; };
		48FFFBEB187385D2003A5C8C /* Drop_Coin69.caf in Resources */ = {isa = PBXBuildFile; fileRef = 48FFFBEA187385D2003A5C8C /* Drop_Coin69.caf */; };
		48FFFBED187388F9003A5C8C /* farkled1.caf in Resources */ = {isa = PBXBuildFile; fileRef = 48FFFBEC187388F9003A5C8C /* farkled1.caf */; };
/* End PBXBuildFile section */

/* Begin PBXContainerItemProxy section */
		48165679186EA0E900ABCD33 /* PBXContainerItemProxy */ = {
			isa = PBXContainerItemProxy;
			containerPortal = 4816564B186EA0E900ABCD33 /* Project object */;
			proxyType = 1;
			remoteGlobalIDString = 48165652186EA0E900ABCD33;
			remoteInfo = farkled;
		};
/* End PBXContainerItemProxy section */

/* Begin PBXFileReference section */
		480BBB8C1873A821006DB66C /* threePairs.caf */ = {isa = PBXFileReference; lastKnownFileType = file; path = threePairs.caf; sourceTree = "<group>"; };
		48165653186EA0E900ABCD33 /* farkled.app */ = {isa = PBXFileReference; explicitFileType = wrapper.application; includeInIndex = 0; path = farkled.app; sourceTree = BUILT_PRODUCTS_DIR; };
		48165656186EA0E900ABCD33 /* Foundation.framework */ = {isa = PBXFileReference; lastKnownFileType = wrapper.framework; name = Foundation.framework; path = System/Library/Frameworks/Foundation.framework; sourceTree = SDKROOT; };
		48165658186EA0E900ABCD33 /* CoreGraphics.framework */ = {isa = PBXFileReference; lastKnownFileType = wrapper.framework; name = CoreGraphics.framework; path = System/Library/Frameworks/CoreGraphics.framework; sourceTree = SDKROOT; };
		4816565A186EA0E900ABCD33 /* UIKit.framework */ = {isa = PBXFileReference; lastKnownFileType = wrapper.framework; name = UIKit.framework; path = System/Library/Frameworks/UIKit.framework; sourceTree = SDKROOT; };
		4816565E186EA0E900ABCD33 /* farkled-Info.plist */ = {isa = PBXFileReference; lastKnownFileType = text.plist.xml; path = "farkled-Info.plist"; sourceTree = "<group>"; };
		48165660186EA0E900ABCD33 /* en */ = {isa = PBXFileReference; lastKnownFileType = text.plist.strings; name = en; path = en.lproj/InfoPlist.strings; sourceTree = "<group>"; };
		48165662186EA0E900ABCD33 /* main.m */ = {isa = PBXFileReference; lastKnownFileType = sourcecode.c.objc; path = main.m; sourceTree = "<group>"; };
		48165664186EA0E900ABCD33 /* farkled-Prefix.pch */ = {isa = PBXFileReference; lastKnownFileType = sourcecode.c.h; path = "farkled-Prefix.pch"; sourceTree = "<group>"; };
		48165665186EA0E900ABCD33 /* kernAppDelegate.h */ = {isa = PBXFileReference; lastKnownFileType = sourcecode.c.h; path = kernAppDelegate.h; sourceTree = "<group>"; };
		48165666186EA0E900ABCD33 /* kernAppDelegate.m */ = {isa = PBXFileReference; lastKnownFileType = sourcecode.c.objc; path = kernAppDelegate.m; sourceTree = "<group>"; };
		4816566E186EA0E900ABCD33 /* Images.xcassets */ = {isa = PBXFileReference; lastKnownFileType = folder.assetcatalog; path = Images.xcassets; sourceTree = "<group>"; };
		48165674186EA0E900ABCD33 /* farkledTests.xctest */ = {isa = PBXFileReference; explicitFileType = wrapper.cfbundle; includeInIndex = 0; path = farkledTests.xctest; sourceTree = BUILT_PRODUCTS_DIR; };
		48165675186EA0E900ABCD33 /* XCTest.framework */ = {isa = PBXFileReference; lastKnownFileType = wrapper.framework; name = XCTest.framework; path = Library/Frameworks/XCTest.framework; sourceTree = DEVELOPER_DIR; };
		4816567D186EA0E900ABCD33 /* farkledTests-Info.plist */ = {isa = PBXFileReference; lastKnownFileType = text.plist.xml; path = "farkledTests-Info.plist"; sourceTree = "<group>"; };
		4816567F186EA0E900ABCD33 /* en */ = {isa = PBXFileReference; lastKnownFileType = text.plist.strings; name = en; path = en.lproj/InfoPlist.strings; sourceTree = "<group>"; };
		48165681186EA0E900ABCD33 /* farkledTests.m */ = {isa = PBXFileReference; lastKnownFileType = sourcecode.c.objc; path = farkledTests.m; sourceTree = "<group>"; };
		4816568B186EA0FF00ABCD33 /* Main_iPhone.storyboard */ = {isa = PBXFileReference; fileEncoding = 4; lastKnownFileType = file.storyboard; path = Main_iPhone.storyboard; sourceTree = "<group>"; };
		4816568D186EA10B00ABCD33 /* ScoreKeeperViewController.h */ = {isa = PBXFileReference; fileEncoding = 4; lastKnownFileType = sourcecode.c.h; path = ScoreKeeperViewController.h; sourceTree = "<group>"; };
		4816568E186EA10B00ABCD33 /* ScoreKeeperViewController.m */ = {isa = PBXFileReference; fileEncoding = 4; lastKnownFileType = sourcecode.c.objc; path = ScoreKeeperViewController.m; sourceTree = "<group>"; };
		4816568F186EA10B00ABCD33 /* RuleCardViewController.h */ = {isa = PBXFileReference; fileEncoding = 4; lastKnownFileType = sourcecode.c.h; path = RuleCardViewController.h; sourceTree = "<group>"; };
		48165690186EA10B00ABCD33 /* RuleCardViewController.m */ = {isa = PBXFileReference; fileEncoding = 4; lastKnownFileType = sourcecode.c.objc; path = RuleCardViewController.m; sourceTree = "<group>"; };
		48165691186EA10B00ABCD33 /* FarkleViewController.h */ = {isa = PBXFileReference; fileEncoding = 4; lastKnownFileType = sourcecode.c.h; path = FarkleViewController.h; sourceTree = "<group>"; };
		48165692186EA10B00ABCD33 /* FarkleViewController.m */ = {isa = PBXFileReference; fileEncoding = 4; lastKnownFileType = sourcecode.c.objc; path = FarkleViewController.m; sourceTree = "<group>"; };
		48165693186EA10B00ABCD33 /* MenuViewController.h */ = {isa = PBXFileReference; fileEncoding = 4; lastKnownFileType = sourcecode.c.h; path = MenuViewController.h; sourceTree = "<group>"; };
		48165694186EA10B00ABCD33 /* MenuViewController.m */ = {isa = PBXFileReference; fileEncoding = 4; lastKnownFileType = sourcecode.c.objc; path = MenuViewController.m; sourceTree = "<group>"; };
		48165695186EA10B00ABCD33 /* SettingsViewController.h */ = {isa = PBXFileReference; fileEncoding = 4; lastKnownFileType = sourcecode.c.h; path = SettingsViewController.h; sourceTree = "<group>"; };
		48165696186EA10B00ABCD33 /* SettingsViewController.m */ = {isa = PBXFileReference; fileEncoding = 4; lastKnownFileType = sourcecode.c.objc; path = SettingsViewController.m; sourceTree = "<group>"; };
		4816569E186EA12600ABCD33 /* Die.h */ = {isa = PBXFileReference; fileEncoding = 4; lastKnownFileType = sourcecode.c.h; path = Die.h; sourceTree = "<group>"; };
		4816569F186EA12600ABCD33 /* Die.m */ = {isa = PBXFileReference; fileEncoding = 4; lastKnownFileType = sourcecode.c.objc; path = Die.m; sourceTree = "<group>"; };
		481656A0186EA12600ABCD33 /* Score.h */ = {isa = PBXFileReference; fileEncoding = 4; lastKnownFileType = sourcecode.c.h; path = Score.h; sourceTree = "<group>"; };
		481656A1186EA12600ABCD33 /* Score.m */ = {isa = PBXFileReference; fileEncoding = 4; lastKnownFileType = sourcecode.c.objc; path = Score.m; sourceTree = "<group>"; };
		481656A2186EA12600ABCD33 /* Farkle.h */ = {isa = PBXFileReference; fileEncoding = 4; lastKnownFileType = sourcecode.c.h; path = Farkle.h; sourceTree = "<group>"; };
		481656A3186EA12600ABCD33 /* Farkle.m */ = {isa = PBXFileReference; fileEncoding = 4; lastKnownFileType = sourcecode.c.objc; path = Farkle.m; sourceTree = "<group>"; };
		481656A4186EA12600ABCD33 /* Settings.h */ = {isa = PBXFileReference; fileEncoding = 4; lastKnownFileType = sourcecode.c.h; path = Settings.h; sourceTree = "<group>"; };
		481656A5186EA12600ABCD33 /* Settings.m */ = {isa = PBXFileReference; fileEncoding = 4; lastKnownFileType = sourcecode.c.objc; path = Settings.m; sourceTree = "<group>"; };
		481656AB186EA13600ABCD33 /* LaunchImage-568@2x.png */ = {isa = PBXFileReference; lastKnownFileType = image.png; path = "LaunchImage-568@2x.png"; sourceTree = "<group>"; };
		481656AC186EA13600ABCD33 /* LaunchImage@2x.png */ = {isa = PBXFileReference; lastKnownFileType = image.png; path = "LaunchImage@2x.png"; sourceTree = "<group>"; };
		481656B0186EA1C000ABCD33 /* iAd.framework */ = {isa = PBXFileReference; lastKnownFileType = wrapper.framework; name = iAd.framework; path = System/Library/Frameworks/iAd.framework; sourceTree = SDKROOT; };
		481656B6186EA98300ABCD33 /* libTestFlight.a */ = {isa = PBXFileReference; lastKnownFileType = archive.ar; path = libTestFlight.a; sourceTree = "<group>"; };
		481656B7186EA98300ABCD33 /* README.md */ = {isa = PBXFileReference; fileEncoding = 4; lastKnownFileType = text; path = README.md; sourceTree = "<group>"; };
		481656B8186EA98300ABCD33 /* release_notes.md */ = {isa = PBXFileReference; fileEncoding = 4; lastKnownFileType = text; path = release_notes.md; sourceTree = "<group>"; };
		481656B9186EA98300ABCD33 /* TestFlight+AsyncLogging.h */ = {isa = PBXFileReference; fileEncoding = 4; lastKnownFileType = sourcecode.c.h; path = "TestFlight+AsyncLogging.h"; sourceTree = "<group>"; };
		481656BA186EA98300ABCD33 /* TestFlight+ManualSessions.h */ = {isa = PBXFileReference; fileEncoding = 4; lastKnownFileType = sourcecode.c.h; path = "TestFlight+ManualSessions.h"; sourceTree = "<group>"; };
		481656BB186EA98300ABCD33 /* TestFlight.h */ = {isa = PBXFileReference; fileEncoding = 4; lastKnownFileType = sourcecode.c.h; path = TestFlight.h; sourceTree = "<group>"; };
		481656BF186EA9EF00ABCD33 /* libz.dylib */ = {isa = PBXFileReference; lastKnownFileType = "compiled.mach-o.dylib"; name = libz.dylib; path = usr/lib/libz.dylib; sourceTree = SDKROOT; };
		481656C5186F2C5A00ABCD33 /* icon-58.png */ = {isa = PBXFileReference; lastKnownFileType = image.png; path = "icon-58.png"; sourceTree = "<group>"; };
		481656CB186F2C7E00ABCD33 /* icon-120.png */ = {isa = PBXFileReference; lastKnownFileType = image.png; path = "icon-120.png"; sourceTree = "<group>"; };
		481656CE186F34D100ABCD33 /* icon-80.png */ = {isa = PBXFileReference; lastKnownFileType = image.png; path = "icon-80.png"; sourceTree = "<group>"; };
		483939D618739CB9001718D9 /* gameOver1.caf */ = {isa = PBXFileReference; lastKnownFileType = file; path = gameOver1.caf; sourceTree = "<group>"; };
		483939D818739DE3001718D9 /* gameOver2.caf */ = {isa = PBXFileReference; lastKnownFileType = file; path = gameOver2.caf; sourceTree = "<group>"; };
		483939DA18739F48001718D9 /* decay.caf */ = {isa = PBXFileReference; lastKnownFileType = file; path = decay.caf; sourceTree = "<group>"; };
		48DCA7941870CAF800743859 /* RulesViewController.h */ = {isa = PBXFileReference; fileEncoding = 4; lastKnownFileType = sourcecode.c.h; path = RulesViewController.h; sourceTree = "<group>"; };
		48DCA7951870CAF800743859 /* RulesViewController.m */ = {isa = PBXFileReference; fileEncoding = 4; lastKnownFileType = sourcecode.c.objc; path = RulesViewController.m; sourceTree = "<group>"; };
		48DCA7DB1870E9F500743859 /* Player.h */ = {isa = PBXFileReference; fileEncoding = 4; lastKnownFileType = sourcecode.c.h; path = Player.h; sourceTree = "<group>"; };
		48DCA7DC1870E9F500743859 /* Player.m */ = {isa = PBXFileReference; fileEncoding = 4; lastKnownFileType = sourcecode.c.objc; path = Player.m; sourceTree = "<group>"; };
		48DCA7E11871D09700743859 /* GameKit.framework */ = {isa = PBXFileReference; lastKnownFileType = wrapper.framework; name = GameKit.framework; path = System/Library/Frameworks/GameKit.framework; sourceTree = SDKROOT; };
		48DCA838187230FB00743859 /* GameCenterManager.h */ = {isa = PBXFileReference; fileEncoding = 4; lastKnownFileType = sourcecode.c.h; path = GameCenterManager.h; sourceTree = "<group>"; };
		48DCA839187230FB00743859 /* GameCenterManager.m */ = {isa = PBXFileReference; fileEncoding = 4; lastKnownFileType = sourcecode.c.objc; path = GameCenterManager.m; sourceTree = "<group>"; };
		48DCA83B187240E100743859 /* GCTurnBasedMatchHelper.h */ = {isa = PBXFileReference; fileEncoding = 4; lastKnownFileType = sourcecode.c.h; path = GCTurnBasedMatchHelper.h; sourceTree = "<group>"; };
		48DCA83C187240E100743859 /* GCTurnBasedMatchHelper.m */ = {isa = PBXFileReference; fileEncoding = 4; lastKnownFileType = sourcecode.c.objc; path = GCTurnBasedMatchHelper.m; sourceTree = "<group>"; };
		48F7211E187317720038229D /* IAPViewController.h */ = {isa = PBXFileReference; fileEncoding = 4; lastKnownFileType = sourcecode.c.h; path = IAPViewController.h; sourceTree = "<group>"; };
		48F7211F187317720038229D /* IAPViewController.m */ = {isa = PBXFileReference; fileEncoding = 4; lastKnownFileType = sourcecode.c.objc; path = IAPViewController.m; sourceTree = "<group>"; };
		48FFFBC818732B7D003A5C8C /* iOS Simulator Screen shot Dec 31, 2013, 10.42.08 AM.png */ = {isa = PBXFileReference; lastKnownFileType = image.png; path = "iOS Simulator Screen shot Dec 31, 2013, 10.42.08 AM.png"; sourceTree = "<group>"; };
		48FFFBCC1873684E003A5C8C /* Sound.h */ = {isa = PBXFileReference; fileEncoding = 4; lastKnownFileType = sourcecode.c.h; path = Sound.h; sourceTree = "<group>"; };
		48FFFBCD1873684E003A5C8C /* Sound.m */ = {isa = PBXFileReference; fileEncoding = 4; lastKnownFileType = sourcecode.c.objc; path = Sound.m; sourceTree = "<group>"; };
		48FFFBCF187368EB003A5C8C /* AVFoundation.framework */ = {isa = PBXFileReference; lastKnownFileType = wrapper.framework; name = AVFoundation.framework; path = System/Library/Frameworks/AVFoundation.framework; sourceTree = SDKROOT; };
		48FFFBD21873694B003A5C8C /* Explosion.aiff */ = {isa = PBXFileReference; lastKnownFileType = audio.aiff; path = Explosion.aiff; sourceTree = "<group>"; };
		48FFFBD518736B0A003A5C8C /* Explosion.aifc */ = {isa = PBXFileReference; lastKnownFileType = file; path = Explosion.aifc; sourceTree = "<group>"; };
		48FFFBD718736E2D003A5C8C /* Farkled.aifc */ = {isa = PBXFileReference; lastKnownFileType = file; path = Farkled.aifc; sourceTree = "<group>"; };
		48FFFBD918736F6F003A5C8C /* Farkled.caf */ = {isa = PBXFileReference; lastKnownFileType = file; path = Farkled.caf; sourceTree = "<group>"; };
		48FFFBDB18737388003A5C8C /* 1Dice.m4a */ = {isa = PBXFileReference; lastKnownFileType = file; path = 1Dice.m4a; sourceTree = "<group>"; };
		48FFFBDD18737926003A5C8C /* pierce.caf */ = {isa = PBXFileReference; lastKnownFileType = file; path = pierce.caf; sourceTree = "<group>"; };
		48FFFBDE18737A8F003A5C8C /* nonscoring5.caf */ = {isa = PBXFileReference; lastKnownFileType = file; path = nonscoring5.caf; sourceTree = "<group>"; };
		48FFFBDF18737A8F003A5C8C /* nonscoring4.caf */ = {isa = PBXFileReference; lastKnownFileType = file; path = nonscoring4.caf; sourceTree = "<group>"; };
		48FFFBE018737A8F003A5C8C /* nonscoring3.caf */ = {isa = PBXFileReference; lastKnownFileType = file; path = nonscoring3.caf; sourceTree = "<group>"; };
		48FFFBE118737A8F003A5C8C /* nonscoring2.caf */ = {isa = PBXFileReference; lastKnownFileType = file; path = nonscoring2.caf; sourceTree = "<group>"; };
		48FFFBE218737A8F003A5C8C /* nonscoring1.caf */ = {isa = PBXFileReference; lastKnownFileType = file; path = nonscoring1.caf; sourceTree = "<group>"; };
		48FFFBE818737CBB003A5C8C /* Pickup_Coin69.caf */ = {isa = PBXFileReference; lastKnownFileType = file; path = Pickup_Coin69.caf; sourceTree = "<group>"; };
		48FFFBEA187385D2003A5C8C /* Drop_Coin69.caf */ = {isa = PBXFileReference; lastKnownFileType = file; path = Drop_Coin69.caf; sourceTree = "<group>"; };
		48FFFBEC187388F9003A5C8C /* farkled1.caf */ = {isa = PBXFileReference; lastKnownFileType = file; path = farkled1.caf; sourceTree = "<group>"; };
/* End PBXFileReference section */

/* Begin PBXFrameworksBuildPhase section */
		48165650186EA0E900ABCD33 /* Frameworks */ = {
			isa = PBXFrameworksBuildPhase;
			buildActionMask = 2147483647;
			files = (
				48FFFBD0187368EB003A5C8C /* AVFoundation.framework in Frameworks */,
				48DCA7E21871D09700743859 /* GameKit.framework in Frameworks */,
				481656C0186EA9EF00ABCD33 /* libz.dylib in Frameworks */,
				481656BC186EA98300ABCD33 /* libTestFlight.a in Frameworks */,
				481656B1186EA1C000ABCD33 /* iAd.framework in Frameworks */,
				48165659186EA0E900ABCD33 /* CoreGraphics.framework in Frameworks */,
				4816565B186EA0E900ABCD33 /* UIKit.framework in Frameworks */,
				48165657186EA0E900ABCD33 /* Foundation.framework in Frameworks */,
			);
			runOnlyForDeploymentPostprocessing = 0;
		};
		48165671186EA0E900ABCD33 /* Frameworks */ = {
			isa = PBXFrameworksBuildPhase;
			buildActionMask = 2147483647;
			files = (
				48165676186EA0E900ABCD33 /* XCTest.framework in Frameworks */,
				48165678186EA0E900ABCD33 /* UIKit.framework in Frameworks */,
				48165677186EA0E900ABCD33 /* Foundation.framework in Frameworks */,
			);
			runOnlyForDeploymentPostprocessing = 0;
		};
/* End PBXFrameworksBuildPhase section */

/* Begin PBXGroup section */
		4816564A186EA0E900ABCD33 = {
			isa = PBXGroup;
			children = (
				48FFFBD41873694F003A5C8C /* Sounds */,
				48FFFBD118736906003A5C8C /* Images */,
				481656B5186EA98300ABCD33 /* TestFlightSDK2 */,
				481656AA186EA12C00ABCD33 /* Model */,
				481656CD186F33E100ABCD33 /* Views */,
				4816569C186EA11100ABCD33 /* Controllers */,
				4816565C186EA0E900ABCD33 /* farkled */,
				4816567B186EA0E900ABCD33 /* farkledTests */,
				48165655186EA0E900ABCD33 /* Frameworks */,
				48165654186EA0E900ABCD33 /* Products */,
			);
			sourceTree = "<group>";
		};
		48165654186EA0E900ABCD33 /* Products */ = {
			isa = PBXGroup;
			children = (
				48165653186EA0E900ABCD33 /* farkled.app */,
				48165674186EA0E900ABCD33 /* farkledTests.xctest */,
			);
			name = Products;
			sourceTree = "<group>";
		};
		48165655186EA0E900ABCD33 /* Frameworks */ = {
			isa = PBXGroup;
			children = (
				48FFFBCF187368EB003A5C8C /* AVFoundation.framework */,
				48DCA7E11871D09700743859 /* GameKit.framework */,
				481656BF186EA9EF00ABCD33 /* libz.dylib */,
				481656B0186EA1C000ABCD33 /* iAd.framework */,
				48165656186EA0E900ABCD33 /* Foundation.framework */,
				48165658186EA0E900ABCD33 /* CoreGraphics.framework */,
				4816565A186EA0E900ABCD33 /* UIKit.framework */,
				48165675186EA0E900ABCD33 /* XCTest.framework */,
			);
			name = Frameworks;
			sourceTree = "<group>";
		};
		4816565C186EA0E900ABCD33 /* farkled */ = {
			isa = PBXGroup;
			children = (
				48165665186EA0E900ABCD33 /* kernAppDelegate.h */,
				48165666186EA0E900ABCD33 /* kernAppDelegate.m */,
				4816566E186EA0E900ABCD33 /* Images.xcassets */,
				4816565D186EA0E900ABCD33 /* Supporting Files */,
			);
			path = farkled;
			sourceTree = "<group>";
		};
		4816565D186EA0E900ABCD33 /* Supporting Files */ = {
			isa = PBXGroup;
			children = (
				4816565E186EA0E900ABCD33 /* farkled-Info.plist */,
				4816565F186EA0E900ABCD33 /* InfoPlist.strings */,
				48165662186EA0E900ABCD33 /* main.m */,
				48165664186EA0E900ABCD33 /* farkled-Prefix.pch */,
			);
			name = "Supporting Files";
			sourceTree = "<group>";
		};
		4816567B186EA0E900ABCD33 /* farkledTests */ = {
			isa = PBXGroup;
			children = (
				48165681186EA0E900ABCD33 /* farkledTests.m */,
				4816567C186EA0E900ABCD33 /* Supporting Files */,
			);
			path = farkledTests;
			sourceTree = "<group>";
		};
		4816567C186EA0E900ABCD33 /* Supporting Files */ = {
			isa = PBXGroup;
			children = (
				4816567D186EA0E900ABCD33 /* farkledTests-Info.plist */,
				4816567E186EA0E900ABCD33 /* InfoPlist.strings */,
			);
			name = "Supporting Files";
			sourceTree = "<group>";
		};
		4816569C186EA11100ABCD33 /* Controllers */ = {
			isa = PBXGroup;
			children = (
				4816568D186EA10B00ABCD33 /* ScoreKeeperViewController.h */,
				4816568E186EA10B00ABCD33 /* ScoreKeeperViewController.m */,
				48DCA7941870CAF800743859 /* RulesViewController.h */,
				48DCA7951870CAF800743859 /* RulesViewController.m */,
				4816568F186EA10B00ABCD33 /* RuleCardViewController.h */,
				48165690186EA10B00ABCD33 /* RuleCardViewController.m */,
				48165691186EA10B00ABCD33 /* FarkleViewController.h */,
				48165692186EA10B00ABCD33 /* FarkleViewController.m */,
				48165693186EA10B00ABCD33 /* MenuViewController.h */,
				48165694186EA10B00ABCD33 /* MenuViewController.m */,
				48F7211E187317720038229D /* IAPViewController.h */,
				48F7211F187317720038229D /* IAPViewController.m */,
				48165695186EA10B00ABCD33 /* SettingsViewController.h */,
				48165696186EA10B00ABCD33 /* SettingsViewController.m */,
			);
			name = Controllers;
			sourceTree = "<group>";
		};
		481656AA186EA12C00ABCD33 /* Model */ = {
			isa = PBXGroup;
			children = (
				4816569E186EA12600ABCD33 /* Die.h */,
				4816569F186EA12600ABCD33 /* Die.m */,
				481656A0186EA12600ABCD33 /* Score.h */,
				481656A1186EA12600ABCD33 /* Score.m */,
				481656A2186EA12600ABCD33 /* Farkle.h */,
				481656A3186EA12600ABCD33 /* Farkle.m */,
				48DCA7DB1870E9F500743859 /* Player.h */,
				48DCA7DC1870E9F500743859 /* Player.m */,
				481656A4186EA12600ABCD33 /* Settings.h */,
				481656A5186EA12600ABCD33 /* Settings.m */,
				48DCA838187230FB00743859 /* GameCenterManager.h */,
				48DCA839187230FB00743859 /* GameCenterManager.m */,
				48DCA83B187240E100743859 /* GCTurnBasedMatchHelper.h */,
				48DCA83C187240E100743859 /* GCTurnBasedMatchHelper.m */,
			);
			name = Model;
			sourceTree = "<group>";
		};
		481656AF186EA13C00ABCD33 /* Launch Images */ = {
			isa = PBXGroup;
			children = (
				481656AB186EA13600ABCD33 /* LaunchImage-568@2x.png */,
				481656AC186EA13600ABCD33 /* LaunchImage@2x.png */,
			);
			name = "Launch Images";
			sourceTree = "<group>";
		};
		481656B4186EA55C00ABCD33 /* Icons */ = {
			isa = PBXGroup;
			children = (
				481656CE186F34D100ABCD33 /* icon-80.png */,
				481656CB186F2C7E00ABCD33 /* icon-120.png */,
				481656C5186F2C5A00ABCD33 /* icon-58.png */,
			);
			name = Icons;
			sourceTree = "<group>";
		};
		481656B5186EA98300ABCD33 /* TestFlightSDK2 */ = {
			isa = PBXGroup;
			children = (
				481656B6186EA98300ABCD33 /* libTestFlight.a */,
				481656B7186EA98300ABCD33 /* README.md */,
				481656B8186EA98300ABCD33 /* release_notes.md */,
				481656B9186EA98300ABCD33 /* TestFlight+AsyncLogging.h */,
				481656BA186EA98300ABCD33 /* TestFlight+ManualSessions.h */,
				481656BB186EA98300ABCD33 /* TestFlight.h */,
			);
			path = TestFlightSDK2;
			sourceTree = "<group>";
		};
		481656CD186F33E100ABCD33 /* Views */ = {
			isa = PBXGroup;
			children = (
				4816568B186EA0FF00ABCD33 /* Main_iPhone.storyboard */,
				48FFFBCC1873684E003A5C8C /* Sound.h */,
				48FFFBCD1873684E003A5C8C /* Sound.m */,
			);
			name = Views;
			sourceTree = "<group>";
		};
		48FFFBD118736906003A5C8C /* Images */ = {
			isa = PBXGroup;
			children = (
				48FFFBC818732B7D003A5C8C /* iOS Simulator Screen shot Dec 31, 2013, 10.42.08 AM.png */,
				481656B4186EA55C00ABCD33 /* Icons */,
				481656AF186EA13C00ABCD33 /* Launch Images */,
			);
			name = Images;
			sourceTree = "<group>";
		};
		48FFFBD41873694F003A5C8C /* Sounds */ = {
			isa = PBXGroup;
			children = (
				480BBB8C1873A821006DB66C /* threePairs.caf */,
				483939DA18739F48001718D9 /* decay.caf */,
				483939D618739CB9001718D9 /* gameOver1.caf */,
				48FFFBEC187388F9003A5C8C /* farkled1.caf */,
				48FFFBEA187385D2003A5C8C /* Drop_Coin69.caf */,
				48FFFBE818737CBB003A5C8C /* Pickup_Coin69.caf */,
				48FFFBDE18737A8F003A5C8C /* nonscoring5.caf */,
				48FFFBDF18737A8F003A5C8C /* nonscoring4.caf */,
				48FFFBE018737A8F003A5C8C /* nonscoring3.caf */,
				48FFFBE118737A8F003A5C8C /* nonscoring2.caf */,
				48FFFBE218737A8F003A5C8C /* nonscoring1.caf */,
				48FFFBDD18737926003A5C8C /* pierce.caf */,
				48FFFBDB18737388003A5C8C /* 1Dice.m4a */,
				48FFFBD918736F6F003A5C8C /* Farkled.caf */,
				483939D818739DE3001718D9 /* gameOver2.caf */,
				48FFFBD718736E2D003A5C8C /* Farkled.aifc */,
				48FFFBD518736B0A003A5C8C /* Explosion.aifc */,
				48FFFBD21873694B003A5C8C /* Explosion.aiff */,
			);
			name = Sounds;
			sourceTree = "<group>";
		};
/* End PBXGroup section */

/* Begin PBXNativeTarget section */
		48165652186EA0E900ABCD33 /* farkled */ = {
			isa = PBXNativeTarget;
			buildConfigurationList = 48165685186EA0E900ABCD33 /* Build configuration list for PBXNativeTarget "farkled" */;
			buildPhases = (
				4816564F186EA0E900ABCD33 /* Sources */,
				48165650186EA0E900ABCD33 /* Frameworks */,
				48165651186EA0E900ABCD33 /* Resources */,
			);
			buildRules = (
			);
			dependencies = (
			);
			name = farkled;
			productName = farkled;
			productReference = 48165653186EA0E900ABCD33 /* farkled.app */;
			productType = "com.apple.product-type.application";
		};
		48165673186EA0E900ABCD33 /* farkledTests */ = {
			isa = PBXNativeTarget;
			buildConfigurationList = 48165688186EA0E900ABCD33 /* Build configuration list for PBXNativeTarget "farkledTests" */;
			buildPhases = (
				48165670186EA0E900ABCD33 /* Sources */,
				48165671186EA0E900ABCD33 /* Frameworks */,
				48165672186EA0E900ABCD33 /* Resources */,
			);
			buildRules = (
			);
			dependencies = (
				4816567A186EA0E900ABCD33 /* PBXTargetDependency */,
			);
			name = farkledTests;
			productName = farkledTests;
			productReference = 48165674186EA0E900ABCD33 /* farkledTests.xctest */;
			productType = "com.apple.product-type.bundle.unit-test";
		};
/* End PBXNativeTarget section */

/* Begin PBXProject section */
		4816564B186EA0E900ABCD33 /* Project object */ = {
			isa = PBXProject;
			attributes = {
				CLASSPREFIX = kern;
				LastUpgradeCheck = 0500;
				ORGANIZATIONNAME = "Kern Jackson";
				TargetAttributes = {
					48165652186EA0E900ABCD33 = {
						DevelopmentTeam = XNN7EVQSE9;
						SystemCapabilities = {
							com.apple.GameCenter = {
								enabled = 1;
							};
						};
					};
					48165673186EA0E900ABCD33 = {
						TestTargetID = 48165652186EA0E900ABCD33;
					};
				};
			};
			buildConfigurationList = 4816564E186EA0E900ABCD33 /* Build configuration list for PBXProject "farkled" */;
			compatibilityVersion = "Xcode 3.2";
			developmentRegion = English;
			hasScannedForEncodings = 0;
			knownRegions = (
				en,
				Base,
			);
			mainGroup = 4816564A186EA0E900ABCD33;
			productRefGroup = 48165654186EA0E900ABCD33 /* Products */;
			projectDirPath = "";
			projectRoot = "";
			targets = (
				48165652186EA0E900ABCD33 /* farkled */,
				48165673186EA0E900ABCD33 /* farkledTests */,
			);
		};
/* End PBXProject section */

/* Begin PBXResourcesBuildPhase section */
		48165651186EA0E900ABCD33 /* Resources */ = {
			isa = PBXResourcesBuildPhase;
			buildActionMask = 2147483647;
			files = (
				481656BE186EA98300ABCD33 /* release_notes.md in Resources */,
				48FFFBDC187374CF003A5C8C /* 1Dice.m4a in Resources */,
				48FFFBE318737A8F003A5C8C /* nonscoring5.caf in Resources */,
				480BBB8D1873A821006DB66C /* threePairs.caf in Resources */,
				48FFFBD818736E2D003A5C8C /* Farkled.aifc in Resources */,
				48FFFBE518737A8F003A5C8C /* nonscoring3.caf in Resources */,
				48FFFBDA18736FCF003A5C8C /* Farkled.caf in Resources */,
				48FFFBED187388F9003A5C8C /* farkled1.caf in Resources */,
				4816566F186EA0E900ABCD33 /* Images.xcassets in Resources */,
				483939DB18739F48001718D9 /* decay.caf in Resources */,
				48FFFBEB187385D2003A5C8C /* Drop_Coin69.caf in Resources */,
				481656AD186EA13600ABCD33 /* LaunchImage-568@2x.png in Resources */,
				48FFFBD618736B94003A5C8C /* Explosion.aifc in Resources */,
				48165661186EA0E900ABCD33 /* InfoPlist.strings in Resources */,
				481656BD186EA98300ABCD33 /* README.md in Resources */,
				48FFFBE718737A8F003A5C8C /* nonscoring1.caf in Resources */,
				48FFFBE918737CBB003A5C8C /* Pickup_Coin69.caf in Resources */,
				48FFFBE618737A8F003A5C8C /* nonscoring2.caf in Resources */,
				483939D718739CB9001718D9 /* gameOver1.caf in Resources */,
				481656CC186F2C7E00ABCD33 /* icon-120.png in Resources */,
				48FFFBE418737A8F003A5C8C /* nonscoring4.caf in Resources */,
				481656C8186F2C5A00ABCD33 /* icon-58.png in Resources */,
				4816568C186EA0FF00ABCD33 /* Main_iPhone.storyboard in Resources */,
				483939D918739DE3001718D9 /* gameOver2.caf in Resources */,
				481656CF186F34D100ABCD33 /* icon-80.png in Resources */,
				481656AE186EA13600ABCD33 /* LaunchImage@2x.png in Resources */,
			);
			runOnlyForDeploymentPostprocessing = 0;
		};
		48165672186EA0E900ABCD33 /* Resources */ = {
			isa = PBXResourcesBuildPhase;
			buildActionMask = 2147483647;
			files = (
				48165680186EA0E900ABCD33 /* InfoPlist.strings in Resources */,
			);
			runOnlyForDeploymentPostprocessing = 0;
		};
/* End PBXResourcesBuildPhase section */

/* Begin PBXSourcesBuildPhase section */
		4816564F186EA0E900ABCD33 /* Sources */ = {
			isa = PBXSourcesBuildPhase;
			buildActionMask = 2147483647;
			files = (
				48165698186EA10B00ABCD33 /* RuleCardViewController.m in Sources */,
				4816569A186EA10B00ABCD33 /* MenuViewController.m in Sources */,
				481656A8186EA12600ABCD33 /* Farkle.m in Sources */,
				48DCA83D187240E100743859 /* GCTurnBasedMatchHelper.m in Sources */,
				48DCA7DD1870E9F500743859 /* Player.m in Sources */,
				481656A9186EA12600ABCD33 /* Settings.m in Sources */,
				481656A6186EA12600ABCD33 /* Die.m in Sources */,
				48F72120187317720038229D /* IAPViewController.m in Sources */,
				481656A7186EA12600ABCD33 /* Score.m in Sources */,
				48165667186EA0E900ABCD33 /* kernAppDelegate.m in Sources */,
				48FFFBCE1873684E003A5C8C /* Sound.m in Sources */,
				48165699186EA10B00ABCD33 /* FarkleViewController.m in Sources */,
				48165663186EA0E900ABCD33 /* main.m in Sources */,
				48DCA83A187230FB00743859 /* GameCenterManager.m in Sources */,
				48165697186EA10B00ABCD33 /* ScoreKeeperViewController.m in Sources */,
				48DCA7961870CAF800743859 /* RulesViewController.m in Sources */,
				4816569B186EA10B00ABCD33 /* SettingsViewController.m in Sources */,
			);
			runOnlyForDeploymentPostprocessing = 0;
		};
		48165670186EA0E900ABCD33 /* Sources */ = {
			isa = PBXSourcesBuildPhase;
			buildActionMask = 2147483647;
			files = (
				48165682186EA0E900ABCD33 /* farkledTests.m in Sources */,
			);
			runOnlyForDeploymentPostprocessing = 0;
		};
/* End PBXSourcesBuildPhase section */

/* Begin PBXTargetDependency section */
		4816567A186EA0E900ABCD33 /* PBXTargetDependency */ = {
			isa = PBXTargetDependency;
			target = 48165652186EA0E900ABCD33 /* farkled */;
			targetProxy = 48165679186EA0E900ABCD33 /* PBXContainerItemProxy */;
		};
/* End PBXTargetDependency section */

/* Begin PBXVariantGroup section */
		4816565F186EA0E900ABCD33 /* InfoPlist.strings */ = {
			isa = PBXVariantGroup;
			children = (
				48165660186EA0E900ABCD33 /* en */,
			);
			name = InfoPlist.strings;
			sourceTree = "<group>";
		};
		4816567E186EA0E900ABCD33 /* InfoPlist.strings */ = {
			isa = PBXVariantGroup;
			children = (
				4816567F186EA0E900ABCD33 /* en */,
			);
			name = InfoPlist.strings;
			sourceTree = "<group>";
		};
/* End PBXVariantGroup section */

/* Begin XCBuildConfiguration section */
		48165683186EA0E900ABCD33 /* Debug */ = {
			isa = XCBuildConfiguration;
			buildSettings = {
				ALWAYS_SEARCH_USER_PATHS = NO;
				ARCHS = "$(ARCHS_STANDARD_INCLUDING_64_BIT)";
				CLANG_CXX_LANGUAGE_STANDARD = "gnu++0x";
				CLANG_CXX_LIBRARY = "libc++";
				CLANG_ENABLE_MODULES = YES;
				CLANG_ENABLE_OBJC_ARC = YES;
				CLANG_WARN_BOOL_CONVERSION = YES;
				CLANG_WARN_CONSTANT_CONVERSION = YES;
				CLANG_WARN_DIRECT_OBJC_ISA_USAGE = YES_ERROR;
				CLANG_WARN_EMPTY_BODY = YES;
				CLANG_WARN_ENUM_CONVERSION = YES;
				CLANG_WARN_INT_CONVERSION = YES;
				CLANG_WARN_OBJC_ROOT_CLASS = YES_ERROR;
				CLANG_WARN__DUPLICATE_METHOD_MATCH = YES;
				"CODE_SIGN_IDENTITY[sdk=iphoneos*]" = "iPhone Developer";
				COPY_PHASE_STRIP = NO;
				GCC_C_LANGUAGE_STANDARD = gnu99;
				GCC_DYNAMIC_NO_PIC = NO;
				GCC_OPTIMIZATION_LEVEL = 0;
				GCC_PREPROCESSOR_DEFINITIONS = (
					"DEBUG=1",
					"$(inherited)",
				);
				GCC_SYMBOLS_PRIVATE_EXTERN = NO;
				GCC_WARN_64_TO_32_BIT_CONVERSION = YES;
				GCC_WARN_ABOUT_RETURN_TYPE = YES_ERROR;
				GCC_WARN_UNDECLARED_SELECTOR = YES;
				GCC_WARN_UNINITIALIZED_AUTOS = YES;
				GCC_WARN_UNUSED_FUNCTION = YES;
				GCC_WARN_UNUSED_VARIABLE = YES;
				IPHONEOS_DEPLOYMENT_TARGET = 7.0;
				ONLY_ACTIVE_ARCH = YES;
				SDKROOT = iphoneos;
			};
			name = Debug;
		};
		48165684186EA0E900ABCD33 /* Release */ = {
			isa = XCBuildConfiguration;
			buildSettings = {
				ALWAYS_SEARCH_USER_PATHS = NO;
				ARCHS = "$(ARCHS_STANDARD_INCLUDING_64_BIT)";
				CLANG_CXX_LANGUAGE_STANDARD = "gnu++0x";
				CLANG_CXX_LIBRARY = "libc++";
				CLANG_ENABLE_MODULES = YES;
				CLANG_ENABLE_OBJC_ARC = YES;
				CLANG_WARN_BOOL_CONVERSION = YES;
				CLANG_WARN_CONSTANT_CONVERSION = YES;
				CLANG_WARN_DIRECT_OBJC_ISA_USAGE = YES_ERROR;
				CLANG_WARN_EMPTY_BODY = YES;
				CLANG_WARN_ENUM_CONVERSION = YES;
				CLANG_WARN_INT_CONVERSION = YES;
				CLANG_WARN_OBJC_ROOT_CLASS = YES_ERROR;
				CLANG_WARN__DUPLICATE_METHOD_MATCH = YES;
				"CODE_SIGN_IDENTITY[sdk=iphoneos*]" = "iPhone Developer";
				COPY_PHASE_STRIP = YES;
				ENABLE_NS_ASSERTIONS = NO;
				GCC_C_LANGUAGE_STANDARD = gnu99;
				GCC_WARN_64_TO_32_BIT_CONVERSION = YES;
				GCC_WARN_ABOUT_RETURN_TYPE = YES_ERROR;
				GCC_WARN_UNDECLARED_SELECTOR = YES;
				GCC_WARN_UNINITIALIZED_AUTOS = YES;
				GCC_WARN_UNUSED_FUNCTION = YES;
				GCC_WARN_UNUSED_VARIABLE = YES;
				IPHONEOS_DEPLOYMENT_TARGET = 7.0;
				SDKROOT = iphoneos;
				VALIDATE_PRODUCT = YES;
			};
			name = Release;
		};
		48165686186EA0E900ABCD33 /* Debug */ = {
			isa = XCBuildConfiguration;
			buildSettings = {
				ASSETCATALOG_COMPILER_APPICON_NAME = AppIcon;
				ASSETCATALOG_COMPILER_LAUNCHIMAGE_NAME = LaunchImage;
				CODE_SIGN_IDENTITY = "iPhone Developer";
				"CODE_SIGN_IDENTITY[sdk=iphoneos*]" = "iPhone Developer";
				GCC_PRECOMPILE_PREFIX_HEADER = YES;
				GCC_PREFIX_HEADER = "farkled/farkled-Prefix.pch";
				INFOPLIST_FILE = "farkled/farkled-Info.plist";
				IPHONEOS_DEPLOYMENT_TARGET = 7.0;
				LIBRARY_SEARCH_PATHS = (
					"$(inherited)",
					/Users/kern/Documents/Apps/farkled/TestFlightSDK2,
				);
				PRODUCT_NAME = "$(TARGET_NAME)";
				PROVISIONING_PROFILE = "";
				WRAPPER_EXTENSION = app;
			};
			name = Debug;
		};
		48165687186EA0E900ABCD33 /* Release */ = {
			isa = XCBuildConfiguration;
			buildSettings = {
				ASSETCATALOG_COMPILER_APPICON_NAME = AppIcon;
				ASSETCATALOG_COMPILER_LAUNCHIMAGE_NAME = LaunchImage;
				CODE_SIGN_IDENTITY = "iPhone Developer";
				"CODE_SIGN_IDENTITY[sdk=iphoneos*]" = "iPhone Developer";
				GCC_PRECOMPILE_PREFIX_HEADER = YES;
				GCC_PREFIX_HEADER = "farkled/farkled-Prefix.pch";
				INFOPLIST_FILE = "farkled/farkled-Info.plist";
				IPHONEOS_DEPLOYMENT_TARGET = 7.0;
				LIBRARY_SEARCH_PATHS = (
					"$(inherited)",
					/Users/kern/Documents/Apps/farkled/TestFlightSDK2,
				);
				PRODUCT_NAME = "$(TARGET_NAME)";
				PROVISIONING_PROFILE = "";
				WRAPPER_EXTENSION = app;
			};
			name = Release;
		};
		48165689186EA0E900ABCD33 /* Debug */ = {
			isa = XCBuildConfiguration;
			buildSettings = {
				ARCHS = "$(ARCHS_STANDARD_INCLUDING_64_BIT)";
				BUNDLE_LOADER = "$(BUILT_PRODUCTS_DIR)/farkled.app/farkled";
				FRAMEWORK_SEARCH_PATHS = (
					"$(SDKROOT)/Developer/Library/Frameworks",
					"$(inherited)",
					"$(DEVELOPER_FRAMEWORKS_DIR)",
				);
				GCC_PRECOMPILE_PREFIX_HEADER = YES;
				GCC_PREFIX_HEADER = "farkled/farkled-Prefix.pch";
				GCC_PREPROCESSOR_DEFINITIONS = (
					"DEBUG=1",
					"$(inherited)",
				);
				INFOPLIST_FILE = "farkledTests/farkledTests-Info.plist";
				PRODUCT_NAME = "$(TARGET_NAME)";
				TEST_HOST = "$(BUNDLE_LOADER)";
				WRAPPER_EXTENSION = xctest;
			};
			name = Debug;
		};
		4816568A186EA0E900ABCD33 /* Release */ = {
			isa = XCBuildConfiguration;
			buildSettings = {
				ARCHS = "$(ARCHS_STANDARD_INCLUDING_64_BIT)";
				BUNDLE_LOADER = "$(BUILT_PRODUCTS_DIR)/farkled.app/farkled";
				FRAMEWORK_SEARCH_PATHS = (
					"$(SDKROOT)/Developer/Library/Frameworks",
					"$(inherited)",
					"$(DEVELOPER_FRAMEWORKS_DIR)",
				);
				GCC_PRECOMPILE_PREFIX_HEADER = YES;
				GCC_PREFIX_HEADER = "farkled/farkled-Prefix.pch";
				INFOPLIST_FILE = "farkledTests/farkledTests-Info.plist";
				PRODUCT_NAME = "$(TARGET_NAME)";
				TEST_HOST = "$(BUNDLE_LOADER)";
				WRAPPER_EXTENSION = xctest;
			};
			name = Release;
		};
/* End XCBuildConfiguration section */

/* Begin XCConfigurationList section */
		4816564E186EA0E900ABCD33 /* Build configuration list for PBXProject "farkled" */ = {
			isa = XCConfigurationList;
			buildConfigurations = (
				48165683186EA0E900ABCD33 /* Debug */,
				48165684186EA0E900ABCD33 /* Release */,
			);
			defaultConfigurationIsVisible = 0;
			defaultConfigurationName = Release;
		};
		48165685186EA0E900ABCD33 /* Build configuration list for PBXNativeTarget "farkled" */ = {
			isa = XCConfigurationList;
			buildConfigurations = (
				48165686186EA0E900ABCD33 /* Debug */,
				48165687186EA0E900ABCD33 /* Release */,
			);
			defaultConfigurationIsVisible = 0;
			defaultConfigurationName = Release;
		};
		48165688186EA0E900ABCD33 /* Build configuration list for PBXNativeTarget "farkledTests" */ = {
			isa = XCConfigurationList;
			buildConfigurations = (
				48165689186EA0E900ABCD33 /* Debug */,
				4816568A186EA0E900ABCD33 /* Release */,
			);
			defaultConfigurationIsVisible = 0;
			defaultConfigurationName = Release;
		};
/* End XCConfigurationList section */
	};
	rootObject = 4816564B186EA0E900ABCD33 /* Project object */;
}
